// !$*UTF8*$!
{
	archiveVersion = 1;
	classes = {
	};
	objectVersion = 77;
	objects = {

/* Begin PBXBuildFile section */
		03B5C7EC7598BE14F50DC850 /* CornerView.swift in Sources */ = {isa = PBXBuildFile; fileRef = 92EB232A9B01F53077CA487F /* CornerView.swift */; };
		17EF284249D4F6BE4CC78801 /* Assets.xcassets in Resources */ = {isa = PBXBuildFile; fileRef = 3E41000B99F56854BB299D4B /* Assets.xcassets */; };
		3A70DB3139E9FAA355AB80C6 /* RunWalkComplication.swift in Sources */ = {isa = PBXBuildFile; fileRef = EB5179C47BFBC130E78E7566 /* RunWalkComplication.swift */; };
		4A8ADACF578CA0C1DBC77322 /* InlineView.swift in Sources */ = {isa = PBXBuildFile; fileRef = 53BFF61A4854683B2126F57C /* InlineView.swift */; };
		5BB9C939AD3F1468E29160F1 /* Foundation.framework in Frameworks */ = {isa = PBXBuildFile; fileRef = 3F174312C1C5FE49B63F299A /* Foundation.framework */; };
		8522419873FB5959A855C799 /* CircularView.swift in Sources */ = {isa = PBXBuildFile; fileRef = CF7EDE64BD35BB441B9D55EF /* CircularView.swift */; };
		8B41F6832DEDD23B001A66F9 /* RunWalkFeature in Frameworks */ = {isa = PBXBuildFile; productRef = 8B41F6822DEDD23B001A66F9 /* RunWalkFeature */; };
		8B41F6852DEDD25C001A66F9 /* RunWalkFeature in Frameworks */ = {isa = PBXBuildFile; productRef = 8B41F6842DEDD25C001A66F9 /* RunWalkFeature */; };
		8BEMBED0012DF0001001A66F9 /* RunWalk Watch App.app in Embed Watch Content */ = {isa = PBXBuildFile; fileRef = 8BWATCH0032DF0001001A66F9 /* RunWalk Watch App.app */; settings = {ATTRIBUTES = (RemoveHeadersOnCopy, ); }; };
		8BWATCH0012DF0001001A66F9 /* RunWalkWatchFeature in Frameworks */ = {isa = PBXBuildFile; productRef = 8BWATCH0022DF0001001A66F9 /* RunWalkWatchFeature */; };
		9B4390E3691CF37191AFE049 /* RunWalk Complications.appex in Embed App Extensions */ = {isa = PBXBuildFile; fileRef = 342AB6A2F06EAF8F81290F8F /* RunWalk Complications.appex */; settings = {ATTRIBUTES = (RemoveHeadersOnCopy, ); }; };
		C4FFE09557A0104CC7CC7614 /* RectangularView.swift in Sources */ = {isa = PBXBuildFile; fileRef = 14252A964B8D348EFECAA572 /* RectangularView.swift */; };
		DAF603836F13412C7CFB9E1E /* ComplicationTimelineProvider.swift in Sources */ = {isa = PBXBuildFile; fileRef = 35CA442AB5A228933230EBCE /* ComplicationTimelineProvider.swift */; };
/* End PBXBuildFile section */

/* Begin PBXContainerItemProxy section */
		8B41F65D2DEDD0D6001A66F9 /* PBXContainerItemProxy */ = {
			isa = PBXContainerItemProxy;
			containerPortal = 8B41F63D2DEDD0D5001A66F9 /* Project object */;
			proxyType = 1;
			remoteGlobalIDString = 8B41F6442DEDD0D5001A66F9;
			remoteInfo = RunWalk;
		};
		8BEMBED0032DF0001001A66F9 /* PBXContainerItemProxy */ = {
			isa = PBXContainerItemProxy;
			containerPortal = 8B41F63D2DEDD0D5001A66F9 /* Project object */;
			proxyType = 1;
			remoteGlobalIDString = 8BWATCH0052DF0001001A66F9;
			remoteInfo = "RunWalk Watch App";
		};
		BFECE59511DBE2C940A37657 /* PBXContainerItemProxy */ = {
			isa = PBXContainerItemProxy;
			containerPortal = 8B41F63D2DEDD0D5001A66F9 /* Project object */;
			proxyType = 1;
			remoteGlobalIDString = 9643CB543CFE8493071CDB2C;
			remoteInfo = "RunWalk Complications";
		};
/* End PBXContainerItemProxy section */

/* Begin PBXCopyFilesBuildPhase section */
		8BEMBED0022DF0001001A66F9 /* Embed Watch Content */ = {
			isa = PBXCopyFilesBuildPhase;
			buildActionMask = 2147483647;
			dstPath = "$(CONTENTS_FOLDER_PATH)/Watch";
			dstSubfolderSpec = 16;
			files = (
				8BEMBED0012DF0001001A66F9 /* RunWalk Watch App.app in Embed Watch Content */,
			);
			name = "Embed Watch Content";
			runOnlyForDeploymentPostprocessing = 0;
		};
		EBAD4579C3B11F0136CDEE53 /* Embed App Extensions */ = {
			isa = PBXCopyFilesBuildPhase;
			buildActionMask = 2147483647;
			dstPath = "";
			dstSubfolderSpec = 13;
			files = (
				9B4390E3691CF37191AFE049 /* RunWalk Complications.appex in Embed App Extensions */,
			);
			name = "Embed App Extensions";
			runOnlyForDeploymentPostprocessing = 0;
		};
/* End PBXCopyFilesBuildPhase section */

/* Begin PBXFileReference section */
		14252A964B8D348EFECAA572 /* RectangularView.swift */ = {isa = PBXFileReference; includeInIndex = 1; lastKnownFileType = sourcecode.swift; path = RectangularView.swift; sourceTree = "<group>"; };
		342AB6A2F06EAF8F81290F8F /* RunWalk Complications.appex */ = {isa = PBXFileReference; explicitFileType = "wrapper.app-extension"; includeInIndex = 0; path = "RunWalk Complications.appex"; sourceTree = BUILT_PRODUCTS_DIR; };
		35CA442AB5A228933230EBCE /* ComplicationTimelineProvider.swift */ = {isa = PBXFileReference; includeInIndex = 1; lastKnownFileType = sourcecode.swift; path = ComplicationTimelineProvider.swift; sourceTree = "<group>"; };
		3E41000B99F56854BB299D4B /* Assets.xcassets */ = {isa = PBXFileReference; includeInIndex = 1; lastKnownFileType = folder.assetcatalog; path = Assets.xcassets; sourceTree = "<group>"; };
		3F174312C1C5FE49B63F299A /* Foundation.framework */ = {isa = PBXFileReference; lastKnownFileType = wrapper.framework; name = Foundation.framework; path = Platforms/WatchOS.platform/Developer/SDKs/WatchOS11.0.sdk/System/Library/Frameworks/Foundation.framework; sourceTree = DEVELOPER_DIR; };
		53BFF61A4854683B2126F57C /* InlineView.swift */ = {isa = PBXFileReference; includeInIndex = 1; lastKnownFileType = sourcecode.swift; path = InlineView.swift; sourceTree = "<group>"; };
		8B41F6452DEDD0D5001A66F9 /* RunWalk.app */ = {isa = PBXFileReference; explicitFileType = wrapper.application; includeInIndex = 0; path = RunWalk.app; sourceTree = BUILT_PRODUCTS_DIR; };
		8B41F65C2DEDD0D6001A66F9 /* RunWalk.xctest */ = {isa = PBXFileReference; explicitFileType = wrapper.cfbundle; includeInIndex = 0; path = RunWalk.xctest; sourceTree = BUILT_PRODUCTS_DIR; };
		8BWATCH0032DF0001001A66F9 /* RunWalk Watch App.app */ = {isa = PBXFileReference; explicitFileType = wrapper.application; includeInIndex = 0; path = "RunWalk Watch App.app"; sourceTree = BUILT_PRODUCTS_DIR; };
		92EB232A9B01F53077CA487F /* CornerView.swift */ = {isa = PBXFileReference; includeInIndex = 1; lastKnownFileType = sourcecode.swift; path = CornerView.swift; sourceTree = "<group>"; };
		CF7EDE64BD35BB441B9D55EF /* CircularView.swift */ = {isa = PBXFileReference; includeInIndex = 1; lastKnownFileType = sourcecode.swift; path = CircularView.swift; sourceTree = "<group>"; };
		EB5179C47BFBC130E78E7566 /* RunWalkComplication.swift */ = {isa = PBXFileReference; includeInIndex = 1; lastKnownFileType = sourcecode.swift; path = RunWalkComplication.swift; sourceTree = "<group>"; };
/* End PBXFileReference section */

/* Begin PBXFileSystemSynchronizedBuildFileExceptionSet section */
		8BD71C0A2DEE41E000CEDD92 /* Exceptions for "Config" folder in "RunWalk" target */ = {
			isa = PBXFileSystemSynchronizedBuildFileExceptionSet;
			membershipExceptions = (
				Debug.xcconfig,
				Release.xcconfig,
				Shared.xcconfig,
				Tests.xcconfig,
				WatchShared.xcconfig,
			);
			target = 8B41F6442DEDD0D5001A66F9 /* RunWalk */;
		};
		8BD71C0B2DEE41E000CEDD93 /* Exceptions for "RunWalk" folder in "RunWalk" target */ = {
			isa = PBXFileSystemSynchronizedBuildFileExceptionSet;
			membershipExceptions = (
				Info.plist,
			);
			target = 8B41F6442DEDD0D5001A66F9 /* RunWalk */;
		};
		8BWATCH0042DF0001001A66F9 /* Exceptions for "Config" folder in "RunWalk Watch App" target */ = {
			isa = PBXFileSystemSynchronizedBuildFileExceptionSet;
			membershipExceptions = (
				Debug.xcconfig,
				Release.xcconfig,
				"RunWalkWatch-Info.plist",
				Shared.xcconfig,
				Tests.xcconfig,
				WatchShared.xcconfig,
			);
			target = 8BWATCH0052DF0001001A66F9 /* RunWalk Watch App */;
		};
/* End PBXFileSystemSynchronizedBuildFileExceptionSet section */

/* Begin PBXFileSystemSynchronizedRootGroup section */
		8B41F6472DEDD0D5001A66F9 /* RunWalk */ = {
			isa = PBXFileSystemSynchronizedRootGroup;
			exceptions = (
				8BD71C0B2DEE41E000CEDD93 /* Exceptions for "RunWalk" folder in "RunWalk" target */,
			);
			path = RunWalk;
			sourceTree = "<group>";
		};
		8B41F65F2DEDD0D6001A66F9 /* RunWalkUITests */ = {
			isa = PBXFileSystemSynchronizedRootGroup;
			exceptions = (
			);
			path = RunWalkUITests;
			sourceTree = "<group>";
		};
		8BD71C052DEE41D800CEDD92 /* Config */ = {
			isa = PBXFileSystemSynchronizedRootGroup;
			exceptions = (
				8BD71C0A2DEE41E000CEDD92 /* Exceptions for "Config" folder in "RunWalk" target */,
				8BWATCH0042DF0001001A66F9 /* Exceptions for "Config" folder in "RunWalk Watch App" target */,
			);
			path = Config;
			sourceTree = "<group>";
		};
		8BWATCH0062DF0001001A66F9 /* RunWalk Watch App */ = {
			isa = PBXFileSystemSynchronizedRootGroup;
			exceptions = (
			);
			path = "RunWalk Watch App";
			sourceTree = "<group>";
		};
/* End PBXFileSystemSynchronizedRootGroup section */

/* Begin PBXFrameworksBuildPhase section */
		195F7EE887D4CECDA64DE0CA /* Frameworks */ = {
			isa = PBXFrameworksBuildPhase;
			buildActionMask = 2147483647;
			files = (
				5BB9C939AD3F1468E29160F1 /* Foundation.framework in Frameworks */,
			);
			runOnlyForDeploymentPostprocessing = 0;
		};
		8B41F6422DEDD0D5001A66F9 /* Frameworks */ = {
			isa = PBXFrameworksBuildPhase;
			buildActionMask = 2147483647;
			files = (
				8B41F6852DEDD25C001A66F9 /* RunWalkFeature in Frameworks */,
			);
			runOnlyForDeploymentPostprocessing = 0;
		};
		8B41F6592DEDD0D6001A66F9 /* Frameworks */ = {
			isa = PBXFrameworksBuildPhase;
			buildActionMask = 2147483647;
			files = (
				8B41F6832DEDD23B001A66F9 /* RunWalkFeature in Frameworks */,
			);
			runOnlyForDeploymentPostprocessing = 0;
		};
		8BWATCH0072DF0001001A66F9 /* Frameworks */ = {
			isa = PBXFrameworksBuildPhase;
			buildActionMask = 2147483647;
			files = (
				8BWATCH0012DF0001001A66F9 /* RunWalkWatchFeature in Frameworks */,
			);
			runOnlyForDeploymentPostprocessing = 0;
		};
/* End PBXFrameworksBuildPhase section */

/* Begin PBXGroup section */
		001184D9BDB5ED7187B822C4 /* watchOS */ = {
			isa = PBXGroup;
			children = (
				3F174312C1C5FE49B63F299A /* Foundation.framework */,
			);
			name = watchOS;
			sourceTree = "<group>";
		};
		22FDA8789D6D2E0F87BA08DD /* ComplicationViews */ = {
			isa = PBXGroup;
			children = (
				CF7EDE64BD35BB441B9D55EF /* CircularView.swift */,
				92EB232A9B01F53077CA487F /* CornerView.swift */,
				14252A964B8D348EFECAA572 /* RectangularView.swift */,
				53BFF61A4854683B2126F57C /* InlineView.swift */,
			);
			name = ComplicationViews;
			path = ComplicationViews;
			sourceTree = "<group>";
		};
		8B41F63C2DEDD0D5001A66F9 = {
			isa = PBXGroup;
			children = (
				8BD71C052DEE41D800CEDD92 /* Config */,
				8B41F6472DEDD0D5001A66F9 /* RunWalk */,
				8BWATCH0062DF0001001A66F9 /* RunWalk Watch App */,
				8B41F65F2DEDD0D6001A66F9 /* RunWalkUITests */,
				8B41F6812DEDD23B001A66F9 /* Frameworks */,
				8B41F6462DEDD0D5001A66F9 /* Products */,
				EF7A86D8367EB2B83694ED02 /* RunWalk Complications */,
			);
			sourceTree = "<group>";
		};
		8B41F6462DEDD0D5001A66F9 /* Products */ = {
			isa = PBXGroup;
			children = (
				8B41F6452DEDD0D5001A66F9 /* RunWalk.app */,
				8B41F65C2DEDD0D6001A66F9 /* RunWalk.xctest */,
				8BWATCH0032DF0001001A66F9 /* RunWalk Watch App.app */,
				342AB6A2F06EAF8F81290F8F /* RunWalk Complications.appex */,
			);
			name = Products;
			sourceTree = "<group>";
		};
		8B41F6812DEDD23B001A66F9 /* Frameworks */ = {
			isa = PBXGroup;
			children = (
				001184D9BDB5ED7187B822C4 /* watchOS */,
			);
			name = Frameworks;
			sourceTree = "<group>";
		};
		EF7A86D8367EB2B83694ED02 /* RunWalk Complications */ = {
			isa = PBXGroup;
			children = (
				22FDA8789D6D2E0F87BA08DD /* ComplicationViews */,
				EB5179C47BFBC130E78E7566 /* RunWalkComplication.swift */,
				35CA442AB5A228933230EBCE /* ComplicationTimelineProvider.swift */,
				3E41000B99F56854BB299D4B /* Assets.xcassets */,
			);
			name = "RunWalk Complications";
			path = "RunWalk Complications";
			sourceTree = "<group>";
		};
/* End PBXGroup section */

/* Begin PBXNativeTarget section */
		8B41F6442DEDD0D5001A66F9 /* RunWalk */ = {
			isa = PBXNativeTarget;
			buildConfigurationList = 8B41F6662DEDD0D6001A66F9 /* Build configuration list for PBXNativeTarget "RunWalk" */;
			buildPhases = (
				8B41F6412DEDD0D5001A66F9 /* Sources */,
				8B41F6422DEDD0D5001A66F9 /* Frameworks */,
				8B41F6432DEDD0D5001A66F9 /* Resources */,
				8BEMBED0022DF0001001A66F9 /* Embed Watch Content */,
			);
			buildRules = (
			);
			dependencies = (
				8BEMBED0042DF0001001A66F9 /* PBXTargetDependency */,
			);
			fileSystemSynchronizedGroups = (
				8B41F6472DEDD0D5001A66F9 /* RunWalk */,
				8BD71C052DEE41D800CEDD92 /* Config */,
			);
			name = RunWalk;
			packageProductDependencies = (
				8B41F6842DEDD25C001A66F9 /* RunWalkFeature */,
			);
			productName = RunWalk;
			productReference = 8B41F6452DEDD0D5001A66F9 /* RunWalk.app */;
			productType = "com.apple.product-type.application";
		};
		8B41F65B2DEDD0D6001A66F9 /* RunWalkUITests */ = {
			isa = PBXNativeTarget;
			buildConfigurationList = 8B41F66C2DEDD0D6001A66F9 /* Build configuration list for PBXNativeTarget "RunWalkUITests" */;
			buildPhases = (
				8B41F6582DEDD0D6001A66F9 /* Sources */,
				8B41F6592DEDD0D6001A66F9 /* Frameworks */,
				8B41F65A2DEDD0D6001A66F9 /* Resources */,
			);
			buildRules = (
			);
			dependencies = (
				8B41F65E2DEDD0D6001A66F9 /* PBXTargetDependency */,
			);
			fileSystemSynchronizedGroups = (
				8B41F65F2DEDD0D6001A66F9 /* RunWalkUITests */,
			);
			name = RunWalkUITests;
			packageProductDependencies = (
				8B41F6822DEDD23B001A66F9 /* RunWalkFeature */,
			);
			productName = RunWalkUITests;
			productReference = 8B41F65C2DEDD0D6001A66F9 /* RunWalk.xctest */;
			productType = "com.apple.product-type.bundle.ui-testing";
		};
		8BWATCH0052DF0001001A66F9 /* RunWalk Watch App */ = {
			isa = PBXNativeTarget;
			buildConfigurationList = 8BWATCH0082DF0001001A66F9 /* Build configuration list for PBXNativeTarget "RunWalk Watch App" */;
			buildPhases = (
				8BWATCH0092DF0001001A66F9 /* Sources */,
				8BWATCH0072DF0001001A66F9 /* Frameworks */,
				8BWATCH00A2DF0001001A66F9 /* Resources */,
				EBAD4579C3B11F0136CDEE53 /* Embed App Extensions */,
			);
			buildRules = (
			);
			dependencies = (
				E899572B1347E0BFA149A3D6 /* PBXTargetDependency */,
			);
			fileSystemSynchronizedGroups = (
				8BD71C052DEE41D800CEDD92 /* Config */,
				8BWATCH0062DF0001001A66F9 /* RunWalk Watch App */,
			);
			name = "RunWalk Watch App";
			packageProductDependencies = (
				8BWATCH0022DF0001001A66F9 /* RunWalkWatchFeature */,
			);
			productName = "RunWalk Watch App";
			productReference = 8BWATCH0032DF0001001A66F9 /* RunWalk Watch App.app */;
			productType = "com.apple.product-type.application";
		};
		9643CB543CFE8493071CDB2C /* RunWalk Complications */ = {
			isa = PBXNativeTarget;
			buildConfigurationList = 74332F4D8E510923F354AA4D /* Build configuration list for PBXNativeTarget "RunWalk Complications" */;
			buildPhases = (
				177BAC6F4C015B3E66DDF9D9 /* Sources */,
				195F7EE887D4CECDA64DE0CA /* Frameworks */,
				F10F43F3CD5F4D54A8896DBE /* Resources */,
			);
			buildRules = (
			);
			dependencies = (
			);
			name = "RunWalk Complications";
			productName = "RunWalk Complications";
			productReference = 342AB6A2F06EAF8F81290F8F /* RunWalk Complications.appex */;
			productType = "com.apple.product-type.app-extension";
		};
/* End PBXNativeTarget section */

/* Begin PBXProject section */
		8B41F63D2DEDD0D5001A66F9 /* Project object */ = {
			isa = PBXProject;
			attributes = {
				BuildIndependentTargetsInParallel = 1;
				LastSwiftUpdateCheck = 1630;
				LastUpgradeCheck = 2620;
				TargetAttributes = {
					8B41F6442DEDD0D5001A66F9 = {
						CreatedOnToolsVersion = 16.3;
					};
					8B41F65B2DEDD0D6001A66F9 = {
						CreatedOnToolsVersion = 16.3;
						TestTargetID = 8B41F6442DEDD0D5001A66F9;
					};
					8BWATCH0052DF0001001A66F9 = {
						CreatedOnToolsVersion = 16.3;
					};
				};
			};
			buildConfigurationList = 8B41F6402DEDD0D5001A66F9 /* Build configuration list for PBXProject "RunWalk" */;
			developmentRegion = en;
			hasScannedForEncodings = 0;
			knownRegions = (
				en,
				Base,
			);
			mainGroup = 8B41F63C2DEDD0D5001A66F9;
			minimizedProjectReferenceProxies = 1;
			packageReferences = (
				8BPKG00012DF0001001A66F9 /* XCLocalSwiftPackageReference "RunWalkPackage" */,
			);
			preferredProjectObjectVersion = 77;
			productRefGroup = 8B41F6462DEDD0D5001A66F9 /* Products */;
			projectDirPath = "";
			projectRoot = "";
			targets = (
				8B41F6442DEDD0D5001A66F9 /* RunWalk */,
				8BWATCH0052DF0001001A66F9 /* RunWalk Watch App */,
				8B41F65B2DEDD0D6001A66F9 /* RunWalkUITests */,
				9643CB543CFE8493071CDB2C /* RunWalk Complications */,
			);
		};
/* End PBXProject section */

/* Begin PBXResourcesBuildPhase section */
		8B41F6432DEDD0D5001A66F9 /* Resources */ = {
			isa = PBXResourcesBuildPhase;
			buildActionMask = 2147483647;
			files = (
			);
			runOnlyForDeploymentPostprocessing = 0;
		};
		8B41F65A2DEDD0D6001A66F9 /* Resources */ = {
			isa = PBXResourcesBuildPhase;
			buildActionMask = 2147483647;
			files = (
			);
			runOnlyForDeploymentPostprocessing = 0;
		};
		8BWATCH00A2DF0001001A66F9 /* Resources */ = {
			isa = PBXResourcesBuildPhase;
			buildActionMask = 2147483647;
			files = (
			);
			runOnlyForDeploymentPostprocessing = 0;
		};
		F10F43F3CD5F4D54A8896DBE /* Resources */ = {
			isa = PBXResourcesBuildPhase;
			buildActionMask = 2147483647;
			files = (
				17EF284249D4F6BE4CC78801 /* Assets.xcassets in Resources */,
			);
			runOnlyForDeploymentPostprocessing = 0;
		};
/* End PBXResourcesBuildPhase section */

/* Begin PBXSourcesBuildPhase section */
		177BAC6F4C015B3E66DDF9D9 /* Sources */ = {
			isa = PBXSourcesBuildPhase;
			buildActionMask = 2147483647;
			files = (
				3A70DB3139E9FAA355AB80C6 /* RunWalkComplication.swift in Sources */,
				DAF603836F13412C7CFB9E1E /* ComplicationTimelineProvider.swift in Sources */,
				8522419873FB5959A855C799 /* CircularView.swift in Sources */,
				03B5C7EC7598BE14F50DC850 /* CornerView.swift in Sources */,
				C4FFE09557A0104CC7CC7614 /* RectangularView.swift in Sources */,
				4A8ADACF578CA0C1DBC77322 /* InlineView.swift in Sources */,
			);
			runOnlyForDeploymentPostprocessing = 0;
		};
		8B41F6412DEDD0D5001A66F9 /* Sources */ = {
			isa = PBXSourcesBuildPhase;
			buildActionMask = 2147483647;
			files = (
			);
			runOnlyForDeploymentPostprocessing = 0;
		};
		8B41F6582DEDD0D6001A66F9 /* Sources */ = {
			isa = PBXSourcesBuildPhase;
			buildActionMask = 2147483647;
			files = (
			);
			runOnlyForDeploymentPostprocessing = 0;
		};
		8BWATCH0092DF0001001A66F9 /* Sources */ = {
			isa = PBXSourcesBuildPhase;
			buildActionMask = 2147483647;
			files = (
			);
			runOnlyForDeploymentPostprocessing = 0;
		};
/* End PBXSourcesBuildPhase section */

/* Begin PBXTargetDependency section */
		8B41F65E2DEDD0D6001A66F9 /* PBXTargetDependency */ = {
			isa = PBXTargetDependency;
			target = 8B41F6442DEDD0D5001A66F9 /* RunWalk */;
			targetProxy = 8B41F65D2DEDD0D6001A66F9 /* PBXContainerItemProxy */;
		};
		8BEMBED0042DF0001001A66F9 /* PBXTargetDependency */ = {
			isa = PBXTargetDependency;
			target = 8BWATCH0052DF0001001A66F9 /* RunWalk Watch App */;
			targetProxy = 8BEMBED0032DF0001001A66F9 /* PBXContainerItemProxy */;
		};
		E899572B1347E0BFA149A3D6 /* PBXTargetDependency */ = {
			isa = PBXTargetDependency;
			name = "RunWalk Complications";
			target = 9643CB543CFE8493071CDB2C /* RunWalk Complications */;
			targetProxy = BFECE59511DBE2C940A37657 /* PBXContainerItemProxy */;
		};
/* End PBXTargetDependency section */

/* Begin XCBuildConfiguration section */
		0B38E562A476248A6510948F /* Release */ = {
			isa = XCBuildConfiguration;
			buildSettings = {
				APPLICATION_EXTENSION_API_ONLY = YES;
				ASSETCATALOG_COMPILER_GLOBAL_ACCENT_COLOR_NAME = AccentColor;
				ASSETCATALOG_COMPILER_WIDGET_BACKGROUND_COLOR_NAME = WidgetBackground;
				CODE_SIGN_ENTITLEMENTS = Config/RunWalkWidgetExtension.entitlements;
				CODE_SIGN_STYLE = Automatic;
				CURRENT_PROJECT_VERSION = 1;
				DEVELOPMENT_TEAM = DABJS94K9F;
				GENERATE_INFOPLIST_FILE = NO;
				INFOPLIST_FILE = "RunWalk Complications/Info.plist";
				INFOPLIST_KEY_CFBundleDisplayName = RunWalk;
				INFOPLIST_KEY_NSExtension = "$(EXTENSION_SAFE_API_ONLY)";
				INFOPLIST_KEY_NSExtension_NSExtensionPointIdentifier = "com.apple.widgetkit-extension";
				LD_RUNPATH_SEARCH_PATHS = (
					"$(inherited)",
					"@executable_path/Frameworks",
					"@executable_path/../../Frameworks",
				);
				MARKETING_VERSION = 1.4;
				PRODUCT_BUNDLE_IDENTIFIER = com.vishutdhar.RunWalk.watchkitapp.complications;
				PRODUCT_NAME = "$(TARGET_NAME)";
				SDKROOT = watchos;
				SKIP_INSTALL = YES;
				SUPPORTED_PLATFORMS = "watchsimulator watchos";
				SWIFT_STRICT_CONCURRENCY = complete;
				SWIFT_VERSION = 6.0;
				TARGETED_DEVICE_FAMILY = 4;
				VALIDATE_PRODUCT = YES;
				WATCHOS_DEPLOYMENT_TARGET = 10.0;
				WRAPPER_EXTENSION = appex;
			};
			name = Release;
		};
		8B41F6642DEDD0D6001A66F9 /* Debug */ = {
			isa = XCBuildConfiguration;
			buildSettings = {
				ALWAYS_SEARCH_USER_PATHS = NO;
				ASSETCATALOG_COMPILER_GENERATE_SWIFT_ASSET_SYMBOL_EXTENSIONS = YES;
				CLANG_ANALYZER_NONNULL = YES;
				CLANG_ANALYZER_NUMBER_OBJECT_CONVERSION = YES_AGGRESSIVE;
				CLANG_CXX_LANGUAGE_STANDARD = "gnu++20";
				CLANG_ENABLE_MODULES = YES;
				CLANG_ENABLE_OBJC_ARC = YES;
				CLANG_ENABLE_OBJC_WEAK = YES;
				CLANG_WARN_BLOCK_CAPTURE_AUTORELEASING = YES;
				CLANG_WARN_BOOL_CONVERSION = YES;
				CLANG_WARN_COMMA = YES;
				CLANG_WARN_CONSTANT_CONVERSION = YES;
				CLANG_WARN_DEPRECATED_OBJC_IMPLEMENTATIONS = YES;
				CLANG_WARN_DIRECT_OBJC_ISA_USAGE = YES_ERROR;
				CLANG_WARN_DOCUMENTATION_COMMENTS = YES;
				CLANG_WARN_EMPTY_BODY = YES;
				CLANG_WARN_ENUM_CONVERSION = YES;
				CLANG_WARN_INFINITE_RECURSION = YES;
				CLANG_WARN_INT_CONVERSION = YES;
				CLANG_WARN_NON_LITERAL_NULL_CONVERSION = YES;
				CLANG_WARN_OBJC_IMPLICIT_RETAIN_SELF = YES;
				CLANG_WARN_OBJC_LITERAL_CONVERSION = YES;
				CLANG_WARN_OBJC_ROOT_CLASS = YES_ERROR;
				CLANG_WARN_QUOTED_INCLUDE_IN_FRAMEWORK_HEADER = YES;
				CLANG_WARN_RANGE_LOOP_ANALYSIS = YES;
				CLANG_WARN_STRICT_PROTOTYPES = YES;
				CLANG_WARN_SUSPICIOUS_MOVE = YES;
				CLANG_WARN_UNGUARDED_AVAILABILITY = YES_AGGRESSIVE;
				CLANG_WARN_UNREACHABLE_CODE = YES;
				CLANG_WARN__DUPLICATE_METHOD_MATCH = YES;
				COPY_PHASE_STRIP = NO;
				DEBUG_INFORMATION_FORMAT = dwarf;
				ENABLE_STRICT_OBJC_MSGSEND = YES;
				ENABLE_TESTABILITY = YES;
				ENABLE_USER_SCRIPT_SANDBOXING = YES;
				GCC_C_LANGUAGE_STANDARD = gnu17;
				GCC_DYNAMIC_NO_PIC = NO;
				GCC_NO_COMMON_BLOCKS = YES;
				GCC_OPTIMIZATION_LEVEL = 0;
				GCC_PREPROCESSOR_DEFINITIONS = (
					"DEBUG=1",
					"$(inherited)",
				);
				GCC_WARN_64_TO_32_BIT_CONVERSION = YES;
				GCC_WARN_ABOUT_RETURN_TYPE = YES_ERROR;
				GCC_WARN_UNDECLARED_SELECTOR = YES;
				GCC_WARN_UNINITIALIZED_AUTOS = YES_AGGRESSIVE;
				GCC_WARN_UNUSED_FUNCTION = YES;
				GCC_WARN_UNUSED_VARIABLE = YES;
				IPHONEOS_DEPLOYMENT_TARGET = 18.4;
				LOCALIZATION_PREFERS_STRING_CATALOGS = YES;
				MTL_ENABLE_DEBUG_INFO = INCLUDE_SOURCE;
				MTL_FAST_MATH = YES;
				ONLY_ACTIVE_ARCH = YES;
				SDKROOT = iphoneos;
				STRING_CATALOG_GENERATE_SYMBOLS = YES;
				SWIFT_ACTIVE_COMPILATION_CONDITIONS = "DEBUG $(inherited)";
				SWIFT_OPTIMIZATION_LEVEL = "-Onone";
				SWIFT_VERSION = 5.0;
			};
			name = Debug;
		};
		8B41F6652DEDD0D6001A66F9 /* Release */ = {
			isa = XCBuildConfiguration;
			buildSettings = {
				ALWAYS_SEARCH_USER_PATHS = NO;
				ASSETCATALOG_COMPILER_GENERATE_SWIFT_ASSET_SYMBOL_EXTENSIONS = YES;
				CLANG_ANALYZER_NONNULL = YES;
				CLANG_ANALYZER_NUMBER_OBJECT_CONVERSION = YES_AGGRESSIVE;
				CLANG_CXX_LANGUAGE_STANDARD = "gnu++20";
				CLANG_ENABLE_MODULES = YES;
				CLANG_ENABLE_OBJC_ARC = YES;
				CLANG_ENABLE_OBJC_WEAK = YES;
				CLANG_WARN_BLOCK_CAPTURE_AUTORELEASING = YES;
				CLANG_WARN_BOOL_CONVERSION = YES;
				CLANG_WARN_COMMA = YES;
				CLANG_WARN_CONSTANT_CONVERSION = YES;
				CLANG_WARN_DEPRECATED_OBJC_IMPLEMENTATIONS = YES;
				CLANG_WARN_DIRECT_OBJC_ISA_USAGE = YES_ERROR;
				CLANG_WARN_DOCUMENTATION_COMMENTS = YES;
				CLANG_WARN_EMPTY_BODY = YES;
				CLANG_WARN_ENUM_CONVERSION = YES;
				CLANG_WARN_INFINITE_RECURSION = YES;
				CLANG_WARN_INT_CONVERSION = YES;
				CLANG_WARN_NON_LITERAL_NULL_CONVERSION = YES;
				CLANG_WARN_OBJC_IMPLICIT_RETAIN_SELF = YES;
				CLANG_WARN_OBJC_LITERAL_CONVERSION = YES;
				CLANG_WARN_OBJC_ROOT_CLASS = YES_ERROR;
				CLANG_WARN_QUOTED_INCLUDE_IN_FRAMEWORK_HEADER = YES;
				CLANG_WARN_RANGE_LOOP_ANALYSIS = YES;
				CLANG_WARN_STRICT_PROTOTYPES = YES;
				CLANG_WARN_SUSPICIOUS_MOVE = YES;
				CLANG_WARN_UNGUARDED_AVAILABILITY = YES_AGGRESSIVE;
				CLANG_WARN_UNREACHABLE_CODE = YES;
				CLANG_WARN__DUPLICATE_METHOD_MATCH = YES;
				COPY_PHASE_STRIP = NO;
				DEBUG_INFORMATION_FORMAT = "dwarf-with-dsym";
				ENABLE_NS_ASSERTIONS = NO;
				ENABLE_STRICT_OBJC_MSGSEND = YES;
				ENABLE_USER_SCRIPT_SANDBOXING = YES;
				GCC_C_LANGUAGE_STANDARD = gnu17;
				GCC_NO_COMMON_BLOCKS = YES;
				GCC_WARN_64_TO_32_BIT_CONVERSION = YES;
				GCC_WARN_ABOUT_RETURN_TYPE = YES_ERROR;
				GCC_WARN_UNDECLARED_SELECTOR = YES;
				GCC_WARN_UNINITIALIZED_AUTOS = YES_AGGRESSIVE;
				GCC_WARN_UNUSED_FUNCTION = YES;
				GCC_WARN_UNUSED_VARIABLE = YES;
				IPHONEOS_DEPLOYMENT_TARGET = 18.4;
				LOCALIZATION_PREFERS_STRING_CATALOGS = YES;
				MTL_ENABLE_DEBUG_INFO = NO;
				MTL_FAST_MATH = YES;
				SDKROOT = iphoneos;
				STRING_CATALOG_GENERATE_SYMBOLS = YES;
				SWIFT_COMPILATION_MODE = wholemodule;
				SWIFT_VERSION = 5.0;
				VALIDATE_PRODUCT = YES;
			};
			name = Release;
		};
		8B41F6672DEDD0D6001A66F9 /* Debug */ = {
			isa = XCBuildConfiguration;
			baseConfigurationReferenceAnchor = 8BD71C052DEE41D800CEDD92 /* Config */;
			baseConfigurationReferenceRelativePath = Debug.xcconfig;
			buildSettings = {
				ASSETCATALOG_COMPILER_APPICON_NAME = AppIcon;
				ASSETCATALOG_COMPILER_GLOBAL_ACCENT_COLOR_NAME = AccentColor;
				CODE_SIGN_STYLE = Automatic;
				ENABLE_PREVIEWS = YES;
				GENERATE_INFOPLIST_FILE = YES;
				INFOPLIST_FILE = RunWalk/Info.plist;
				INFOPLIST_KEY_CFBundleDisplayName = RunWalk;
				INFOPLIST_KEY_NSHealthShareUsageDescription = "RunWalk saves your run-walk interval workouts to Apple Health so they contribute to your Activity Rings and workout history.";
				INFOPLIST_KEY_NSHealthUpdateUsageDescription = "RunWalk saves your run-walk interval workouts to Apple Health so they contribute to your Activity Rings and workout history.";
				INFOPLIST_KEY_UIApplicationSceneManifest_Generation = YES;
				INFOPLIST_KEY_UIApplicationSupportsIndirectInputEvents = YES;
				INFOPLIST_KEY_UILaunchScreen_Generation = YES;
				INFOPLIST_KEY_UISupportedInterfaceOrientations = "UIInterfaceOrientationLandscapeRight UIInterfaceOrientationLandscapeLeft UIInterfaceOrientationPortrait";
				INFOPLIST_KEY_UISupportedInterfaceOrientations_iPad = "UIInterfaceOrientationLandscapeRight UIInterfaceOrientationLandscapeLeft UIInterfaceOrientationPortrait UIInterfaceOrientationPortraitUpsideDown";
				LD_RUNPATH_SEARCH_PATHS = (
					"$(inherited)",
					"@executable_path/Frameworks",
				);
				SWIFT_EMIT_LOC_STRINGS = YES;
				SWIFT_VERSION = 5.0;
			};
			name = Debug;
		};
		8B41F6682DEDD0D6001A66F9 /* Release */ = {
			isa = XCBuildConfiguration;
			baseConfigurationReferenceAnchor = 8BD71C052DEE41D800CEDD92 /* Config */;
			baseConfigurationReferenceRelativePath = Release.xcconfig;
			buildSettings = {
				ASSETCATALOG_COMPILER_APPICON_NAME = AppIcon;
				ASSETCATALOG_COMPILER_GLOBAL_ACCENT_COLOR_NAME = AccentColor;
				CODE_SIGN_STYLE = Automatic;
				ENABLE_PREVIEWS = YES;
				GENERATE_INFOPLIST_FILE = YES;
				INFOPLIST_FILE = RunWalk/Info.plist;
				INFOPLIST_KEY_CFBundleDisplayName = RunWalk;
				INFOPLIST_KEY_NSHealthShareUsageDescription = "RunWalk saves your run-walk interval workouts to Apple Health so they contribute to your Activity Rings and workout history.";
				INFOPLIST_KEY_NSHealthUpdateUsageDescription = "RunWalk saves your run-walk interval workouts to Apple Health so they contribute to your Activity Rings and workout history.";
				INFOPLIST_KEY_UIApplicationSceneManifest_Generation = YES;
				INFOPLIST_KEY_UIApplicationSupportsIndirectInputEvents = YES;
				INFOPLIST_KEY_UILaunchScreen_Generation = YES;
				INFOPLIST_KEY_UISupportedInterfaceOrientations = "UIInterfaceOrientationLandscapeRight UIInterfaceOrientationLandscapeLeft UIInterfaceOrientationPortrait";
				INFOPLIST_KEY_UISupportedInterfaceOrientations_iPad = "UIInterfaceOrientationLandscapeRight UIInterfaceOrientationLandscapeLeft UIInterfaceOrientationPortrait UIInterfaceOrientationPortraitUpsideDown";
				LD_RUNPATH_SEARCH_PATHS = (
					"$(inherited)",
					"@executable_path/Frameworks",
				);
				SWIFT_EMIT_LOC_STRINGS = YES;
				SWIFT_VERSION = 5.0;
			};
			name = Release;
		};
		8B41F66D2DEDD0D6001A66F9 /* Debug */ = {
			isa = XCBuildConfiguration;
			baseConfigurationReferenceAnchor = 8BD71C052DEE41D800CEDD92 /* Config */;
			baseConfigurationReferenceRelativePath = Tests.xcconfig;
			buildSettings = {
				CODE_SIGN_STYLE = Automatic;
				GENERATE_INFOPLIST_FILE = YES;
				SWIFT_EMIT_LOC_STRINGS = NO;
				SWIFT_VERSION = 5.0;
				TARGETED_DEVICE_FAMILY = "1,2";
				TEST_TARGET_NAME = RunWalk;
			};
			name = Debug;
		};
		8B41F66E2DEDD0D6001A66F9 /* Release */ = {
			isa = XCBuildConfiguration;
			baseConfigurationReferenceAnchor = 8BD71C052DEE41D800CEDD92 /* Config */;
			baseConfigurationReferenceRelativePath = Tests.xcconfig;
			buildSettings = {
				CODE_SIGN_STYLE = Automatic;
				GENERATE_INFOPLIST_FILE = YES;
				SWIFT_EMIT_LOC_STRINGS = NO;
				SWIFT_VERSION = 5.0;
				TARGETED_DEVICE_FAMILY = "1,2";
				TEST_TARGET_NAME = RunWalk;
			};
			name = Release;
		};
		8BWATCH00B2DF0001001A66F9 /* Debug */ = {
			isa = XCBuildConfiguration;
			baseConfigurationReferenceAnchor = 8BD71C052DEE41D800CEDD92 /* Config */;
			baseConfigurationReferenceRelativePath = WatchShared.xcconfig;
			buildSettings = {
				ASSETCATALOG_COMPILER_APPICON_NAME = AppIcon;
				ASSETCATALOG_COMPILER_GLOBAL_ACCENT_COLOR_NAME = AccentColor;
				CODE_SIGN_ENTITLEMENTS = Config/RunWalkWatch.entitlements;
				CODE_SIGN_STYLE = Automatic;
				DEVELOPMENT_TEAM = DABJS94K9F;
				ENABLE_PREVIEWS = YES;
				GENERATE_INFOPLIST_FILE = NO;
				INFOPLIST_FILE = "Config/RunWalkWatch-Info.plist";
				LD_RUNPATH_SEARCH_PATHS = (
					"$(inherited)",
					"@executable_path/Frameworks",
				);
				PRODUCT_BUNDLE_IDENTIFIER = com.vishutdhar.RunWalk.watchkitapp;
				PRODUCT_NAME = "$(TARGET_NAME)";
				SDKROOT = watchos;
				SKIP_INSTALL = YES;
				SWIFT_EMIT_LOC_STRINGS = YES;
				SWIFT_VERSION = 5.0;
				TARGETED_DEVICE_FAMILY = 4;
				WATCHOS_DEPLOYMENT_TARGET = 10.0;
				WK_RUNS_INDEPENDENTLY_OF_COMPANION_APP = YES;
			};
			name = Debug;
		};
		8BWATCH00C2DF0001001A66F9 /* Release */ = {
			isa = XCBuildConfiguration;
			baseConfigurationReferenceAnchor = 8BD71C052DEE41D800CEDD92 /* Config */;
			baseConfigurationReferenceRelativePath = WatchShared.xcconfig;
			buildSettings = {
				ASSETCATALOG_COMPILER_APPICON_NAME = AppIcon;
				ASSETCATALOG_COMPILER_GLOBAL_ACCENT_COLOR_NAME = AccentColor;
				CODE_SIGN_ENTITLEMENTS = Config/RunWalkWatch.entitlements;
				CODE_SIGN_STYLE = Automatic;
				ENABLE_PREVIEWS = YES;
				GENERATE_INFOPLIST_FILE = NO;
				INFOPLIST_FILE = "Config/RunWalkWatch-Info.plist";
				LD_RUNPATH_SEARCH_PATHS = (
					"$(inherited)",
					"@executable_path/Frameworks",
				);
				PRODUCT_BUNDLE_IDENTIFIER = com.vishutdhar.RunWalk.watchkitapp;
				PRODUCT_NAME = "$(TARGET_NAME)";
				SDKROOT = watchos;
				SKIP_INSTALL = YES;
				SWIFT_EMIT_LOC_STRINGS = YES;
				SWIFT_VERSION = 5.0;
				TARGETED_DEVICE_FAMILY = 4;
				WATCHOS_DEPLOYMENT_TARGET = 10.0;
				WK_RUNS_INDEPENDENTLY_OF_COMPANION_APP = YES;
			};
			name = Release;
		};
		F6228263B4162D5F719C07F6 /* Debug */ = {
			isa = XCBuildConfiguration;
			buildSettings = {
				APPLICATION_EXTENSION_API_ONLY = YES;
				ASSETCATALOG_COMPILER_GLOBAL_ACCENT_COLOR_NAME = AccentColor;
				ASSETCATALOG_COMPILER_WIDGET_BACKGROUND_COLOR_NAME = WidgetBackground;
				CODE_SIGN_ENTITLEMENTS = Config/RunWalkWidgetExtension.entitlements;
				CODE_SIGN_STYLE = Automatic;
				CURRENT_PROJECT_VERSION = 1;
				DEVELOPMENT_TEAM = DABJS94K9F;
				GENERATE_INFOPLIST_FILE = NO;
				INFOPLIST_FILE = "RunWalk Complications/Info.plist";
				INFOPLIST_KEY_CFBundleDisplayName = RunWalk;
				INFOPLIST_KEY_NSExtension = "$(EXTENSION_SAFE_API_ONLY)";
				INFOPLIST_KEY_NSExtension_NSExtensionPointIdentifier = "com.apple.widgetkit-extension";
				LD_RUNPATH_SEARCH_PATHS = (
					"$(inherited)",
					"@executable_path/Frameworks",
					"@executable_path/../../Frameworks",
				);
				MARKETING_VERSION = 1.4;
				PRODUCT_BUNDLE_IDENTIFIER = com.vishutdhar.RunWalk.watchkitapp.complications;
				PRODUCT_NAME = "$(TARGET_NAME)";
				SDKROOT = watchos;
				SKIP_INSTALL = YES;
				SUPPORTED_PLATFORMS = "watchsimulator watchos";
				SWIFT_STRICT_CONCURRENCY = complete;
				SWIFT_VERSION = 6.0;
				TARGETED_DEVICE_FAMILY = 4;
				WATCHOS_DEPLOYMENT_TARGET = 10.0;
				WRAPPER_EXTENSION = appex;
			};
			name = Debug;
		};
/* End XCBuildConfiguration section */

/* Begin XCConfigurationList section */
		74332F4D8E510923F354AA4D /* Build configuration list for PBXNativeTarget "RunWalk Complications" */ = {
			isa = XCConfigurationList;
			buildConfigurations = (
				0B38E562A476248A6510948F /* Release */,
				F6228263B4162D5F719C07F6 /* Debug */,
			);
			defaultConfigurationIsVisible = 0;
			defaultConfigurationName = Release;
		};
		8B41F6402DEDD0D5001A66F9 /* Build configuration list for PBXProject "RunWalk" */ = {
			isa = XCConfigurationList;
			buildConfigurations = (
				8B41F6642DEDD0D6001A66F9 /* Debug */,
				8B41F6652DEDD0D6001A66F9 /* Release */,
			);
			defaultConfigurationIsVisible = 0;
			defaultConfigurationName = Release;
		};
		8B41F6662DEDD0D6001A66F9 /* Build configuration list for PBXNativeTarget "RunWalk" */ = {
			isa = XCConfigurationList;
			buildConfigurations = (
				8B41F6672DEDD0D6001A66F9 /* Debug */,
				8B41F6682DEDD0D6001A66F9 /* Release */,
			);
			defaultConfigurationIsVisible = 0;
			defaultConfigurationName = Release;
		};
		8B41F66C2DEDD0D6001A66F9 /* Build configuration list for PBXNativeTarget "RunWalkUITests" */ = {
			isa = XCConfigurationList;
			buildConfigurations = (
				8B41F66D2DEDD0D6001A66F9 /* Debug */,
				8B41F66E2DEDD0D6001A66F9 /* Release */,
			);
			defaultConfigurationIsVisible = 0;
			defaultConfigurationName = Release;
		};
		8BWATCH0082DF0001001A66F9 /* Build configuration list for PBXNativeTarget "RunWalk Watch App" */ = {
			isa = XCConfigurationList;
			buildConfigurations = (
				8BWATCH00B2DF0001001A66F9 /* Debug */,
				8BWATCH00C2DF0001001A66F9 /* Release */,
			);
			defaultConfigurationIsVisible = 0;
			defaultConfigurationName = Release;
		};
/* End XCConfigurationList section */

/* Begin XCLocalSwiftPackageReference section */
		8BPKG00012DF0001001A66F9 /* XCLocalSwiftPackageReference "RunWalkPackage" */ = {
			isa = XCLocalSwiftPackageReference;
			relativePath = RunWalkPackage;
		};
/* End XCLocalSwiftPackageReference section */

/* Begin XCSwiftPackageProductDependency section */
		8B41F6822DEDD23B001A66F9 /* RunWalkFeature */ = {
			isa = XCSwiftPackageProductDependency;
			package = 8BPKG00012DF0001001A66F9 /* XCLocalSwiftPackageReference "RunWalkPackage" */;
			productName = RunWalkFeature;
		};
		8B41F6842DEDD25C001A66F9 /* RunWalkFeature */ = {
			isa = XCSwiftPackageProductDependency;
			package = 8BPKG00012DF0001001A66F9 /* XCLocalSwiftPackageReference "RunWalkPackage" */;
			productName = RunWalkFeature;
		};
		8BWATCH0022DF0001001A66F9 /* RunWalkWatchFeature */ = {
			isa = XCSwiftPackageProductDependency;
			package = 8BPKG00012DF0001001A66F9 /* XCLocalSwiftPackageReference "RunWalkPackage" */;
			productName = RunWalkWatchFeature;
		};
/* End XCSwiftPackageProductDependency section */
	};
	rootObject = 8B41F63D2DEDD0D5001A66F9 /* Project object */;
}
